
Microsoft Visual Studio Solution File, Format Version 12.00
# Visual Studio Version 17
VisualStudioVersion = 17.13.35913.81 d17.13
MinimumVisualStudioVersion = 10.0.40219.1
Project("{FAE04EC0-301F-11D3-BF4B-00C04F79EFBC}") = "BIBLIOTECA", "BIBLIOTECA\BIBLIOTECA.csproj", "{C2414685-6B54-4F03-9CF9-B88E401AD647}"
EndProject
Global
	GlobalSection(SolutionConfigurationPlatforms) = preSolution
		Debug|Any CPU = Debug|Any CPU
		Release|Any CPU = Release|Any CPU
	EndGlobalSection
	GlobalSection(ProjectConfigurationPlatforms) = postSolution
		{C2414685-6B54-4F03-9CF9-B88E401AD647}.Debug|Any CPU.ActiveCfg = Debug|Any CPU
		{C2414685-6B54-4F03-9CF9-B88E401AD647}.Debug|Any CPU.Build.0 = Debug|Any CPU
		{C2414685-6B54-4F03-9CF9-B88E401AD647}.Release|Any CPU.ActiveCfg = Release|Any CPU
		{C2414685-6B54-4F03-9CF9-B88E401AD647}.Release|Any CPU.Build.0 = Release|Any CPU
	EndGlobalSection
	GlobalSection(SolutionProperties) = preSolution
		HideSolutionNode = FALSE
	EndGlobalSection
	GlobalSection(ExtensibilityGlobals) = postSolution
		SolutionGuid = {6592279B-2868-41E4-8256-B63D8085D53A}
	EndGlobalSection
EndGlobal
